
Microsoft Visual Studio Solution File, Format Version 12.00
# Visual Studio 2013
VisualStudioVersion = 12.0.31101.0
MinimumVisualStudioVersion = 10.0.40219.1
Project("{FAE04EC0-301F-11D3-BF4B-00C04F79EFBC}") = "LoLStats.Web", "LoLStats.Web\LoLStats.Web.csproj", "{874EA977-C9FF-4D02-9896-87E3A9876793}"
EndProject
Project("{FAE04EC0-301F-11D3-BF4B-00C04F79EFBC}") = "LoLStats.Core", "LoLStats.Core\LoLStats.Core.csproj", "{773086C7-5353-45F9-A9C6-AA1D05F8B35D}"
EndProject
Project("{FAE04EC0-301F-11D3-BF4B-00C04F79EFBC}") = "LoLStats.Data", "LoLStats.Data\LoLStats.Data.csproj", "{D49C56A3-C81C-4D24-92DC-E129A0CE595D}"
EndProject
Project("{FAE04EC0-301F-11D3-BF4B-00C04F79EFBC}") = "LoLStats.Shared", "LoLStats.Shared\LoLStats.Shared.csproj", "{5296EE01-D080-4412-91C3-851CE6C16456}"
EndProject
Project("{FAE04EC0-301F-11D3-BF4B-00C04F79EFBC}") = "LoLStats.Test", "LoLStats.Test\LoLStats.Test.csproj", "{4F545B42-3287-4792-8FA5-93266136287B}"
EndProject
Global
	GlobalSection(SolutionConfigurationPlatforms) = preSolution
		Debug|Any CPU = Debug|Any CPU
		Release|Any CPU = Release|Any CPU
	EndGlobalSection
	GlobalSection(ProjectConfigurationPlatforms) = postSolution
		{874EA977-C9FF-4D02-9896-87E3A9876793}.Debug|Any CPU.ActiveCfg = Debug|Any CPU
		{874EA977-C9FF-4D02-9896-87E3A9876793}.Debug|Any CPU.Build.0 = Debug|Any CPU
		{874EA977-C9FF-4D02-9896-87E3A9876793}.Release|Any CPU.ActiveCfg = Release|Any CPU
		{874EA977-C9FF-4D02-9896-87E3A9876793}.Release|Any CPU.Build.0 = Release|Any CPU
		{773086C7-5353-45F9-A9C6-AA1D05F8B35D}.Debug|Any CPU.ActiveCfg = Debug|Any CPU
		{773086C7-5353-45F9-A9C6-AA1D05F8B35D}.Debug|Any CPU.Build.0 = Debug|Any CPU
		{773086C7-5353-45F9-A9C6-AA1D05F8B35D}.Release|Any CPU.ActiveCfg = Release|Any CPU
		{773086C7-5353-45F9-A9C6-AA1D05F8B35D}.Release|Any CPU.Build.0 = Release|Any CPU
		{D49C56A3-C81C-4D24-92DC-E129A0CE595D}.Debug|Any CPU.ActiveCfg = Debug|Any CPU
		{D49C56A3-C81C-4D24-92DC-E129A0CE595D}.Debug|Any CPU.Build.0 = Debug|Any CPU
		{D49C56A3-C81C-4D24-92DC-E129A0CE595D}.Release|Any CPU.ActiveCfg = Release|Any CPU
		{D49C56A3-C81C-4D24-92DC-E129A0CE595D}.Release|Any CPU.Build.0 = Release|Any CPU
		{5296EE01-D080-4412-91C3-851CE6C16456}.Debug|Any CPU.ActiveCfg = Debug|Any CPU
		{5296EE01-D080-4412-91C3-851CE6C16456}.Debug|Any CPU.Build.0 = Debug|Any CPU
		{5296EE01-D080-4412-91C3-851CE6C16456}.Release|Any CPU.ActiveCfg = Release|Any CPU
		{5296EE01-D080-4412-91C3-851CE6C16456}.Release|Any CPU.Build.0 = Release|Any CPU
		{4F545B42-3287-4792-8FA5-93266136287B}.Debug|Any CPU.ActiveCfg = Debug|Any CPU
		{4F545B42-3287-4792-8FA5-93266136287B}.Debug|Any CPU.Build.0 = Debug|Any CPU
		{4F545B42-3287-4792-8FA5-93266136287B}.Release|Any CPU.ActiveCfg = Release|Any CPU
		{4F545B42-3287-4792-8FA5-93266136287B}.Release|Any CPU.Build.0 = Release|Any CPU
	EndGlobalSection
	GlobalSection(SolutionProperties) = preSolution
		HideSolutionNode = FALSE
	EndGlobalSection
EndGlobal
